
Microsoft Visual Studio Solution File, Format Version 12.00
Project("{FAE04EC0-301F-11D3-BF4B-00C04F79EFBC}") = "random-pixel-image", "random-pixel-image\random-pixel-image.csproj", "{4A01388D-AD82-4AD1-A179-8D687F5E0D6C}"
EndProject
Project("{FAE04EC0-301F-11D3-BF4B-00C04F79EFBC}") = "SimpleCircle", "SimpleCircle\SimpleCircle.csproj", "{BA494C99-FBDC-4ED8-9060-86AC9A93DC22}"
EndProject
Project("{FAE04EC0-301F-11D3-BF4B-00C04F79EFBC}") = "VectorCircle", "VectorCircle\VectorCircle.csproj", "{A3534543-5273-44A6-BC1D-928B2C0B7A2A}"
EndProject
Project("{FAE04EC0-301F-11D3-BF4B-00C04F79EFBC}") = "Commons", "Commons\Commons.csproj", "{B6397657-5A9F-4E00-AB22-D8F385BD4F2F}"
EndProject
Project("{FAE04EC0-301F-11D3-BF4B-00C04F79EFBC}") = "LayeredCircle", "LayeredCircle\LayeredCircle.csproj", "{E9A4CE9C-7F0A-46F3-82F8-BA46DA317155}"
EndProject
Project("{FAE04EC0-301F-11D3-BF4B-00C04F79EFBC}") = "SphereCutter", "SphereCutter\SphereCutter.csproj", "{D5EEF537-C796-47CB-B1DF-1E52E84CB02B}"
EndProject
Project("{FAE04EC0-301F-11D3-BF4B-00C04F79EFBC}") = "LotsOfSpheres", "LotsOfSpheres\LotsOfSpheres.csproj", "{68EC3D91-B0CC-47A8-8FA3-367846576711}"
EndProject
Project("{FAE04EC0-301F-11D3-BF4B-00C04F79EFBC}") = "Diffusion", "Diffusion\Diffusion.csproj", "{4B9E0761-0FFD-45C7-8EA9-47087FE256D0}"
EndProject
Project("{FAE04EC0-301F-11D3-BF4B-00C04F79EFBC}") = "Cube", "Cube\Cube.csproj", "{469D5605-5170-43D6-9243-7DF22322CB7B}"
EndProject
Global
	GlobalSection(SolutionConfigurationPlatforms) = preSolution
		Debug|Any CPU = Debug|Any CPU
		Release|Any CPU = Release|Any CPU
	EndGlobalSection
	GlobalSection(ProjectConfigurationPlatforms) = postSolution
		{4A01388D-AD82-4AD1-A179-8D687F5E0D6C}.Debug|Any CPU.ActiveCfg = Debug|Any CPU
		{4A01388D-AD82-4AD1-A179-8D687F5E0D6C}.Debug|Any CPU.Build.0 = Debug|Any CPU
		{4A01388D-AD82-4AD1-A179-8D687F5E0D6C}.Release|Any CPU.ActiveCfg = Release|Any CPU
		{4A01388D-AD82-4AD1-A179-8D687F5E0D6C}.Release|Any CPU.Build.0 = Release|Any CPU
		{BA494C99-FBDC-4ED8-9060-86AC9A93DC22}.Debug|Any CPU.ActiveCfg = Debug|Any CPU
		{BA494C99-FBDC-4ED8-9060-86AC9A93DC22}.Debug|Any CPU.Build.0 = Debug|Any CPU
		{BA494C99-FBDC-4ED8-9060-86AC9A93DC22}.Release|Any CPU.ActiveCfg = Release|Any CPU
		{BA494C99-FBDC-4ED8-9060-86AC9A93DC22}.Release|Any CPU.Build.0 = Release|Any CPU
		{A3534543-5273-44A6-BC1D-928B2C0B7A2A}.Debug|Any CPU.ActiveCfg = Debug|Any CPU
		{A3534543-5273-44A6-BC1D-928B2C0B7A2A}.Debug|Any CPU.Build.0 = Debug|Any CPU
		{A3534543-5273-44A6-BC1D-928B2C0B7A2A}.Release|Any CPU.ActiveCfg = Release|Any CPU
		{A3534543-5273-44A6-BC1D-928B2C0B7A2A}.Release|Any CPU.Build.0 = Release|Any CPU
		{B6397657-5A9F-4E00-AB22-D8F385BD4F2F}.Debug|Any CPU.ActiveCfg = Debug|Any CPU
		{B6397657-5A9F-4E00-AB22-D8F385BD4F2F}.Debug|Any CPU.Build.0 = Debug|Any CPU
		{B6397657-5A9F-4E00-AB22-D8F385BD4F2F}.Release|Any CPU.ActiveCfg = Release|Any CPU
		{B6397657-5A9F-4E00-AB22-D8F385BD4F2F}.Release|Any CPU.Build.0 = Release|Any CPU
		{E9A4CE9C-7F0A-46F3-82F8-BA46DA317155}.Debug|Any CPU.ActiveCfg = Debug|Any CPU
		{E9A4CE9C-7F0A-46F3-82F8-BA46DA317155}.Debug|Any CPU.Build.0 = Debug|Any CPU
		{E9A4CE9C-7F0A-46F3-82F8-BA46DA317155}.Release|Any CPU.ActiveCfg = Release|Any CPU
		{E9A4CE9C-7F0A-46F3-82F8-BA46DA317155}.Release|Any CPU.Build.0 = Release|Any CPU
		{D5EEF537-C796-47CB-B1DF-1E52E84CB02B}.Debug|Any CPU.ActiveCfg = Debug|Any CPU
		{D5EEF537-C796-47CB-B1DF-1E52E84CB02B}.Debug|Any CPU.Build.0 = Debug|Any CPU
		{D5EEF537-C796-47CB-B1DF-1E52E84CB02B}.Release|Any CPU.ActiveCfg = Release|Any CPU
		{D5EEF537-C796-47CB-B1DF-1E52E84CB02B}.Release|Any CPU.Build.0 = Release|Any CPU
		{68EC3D91-B0CC-47A8-8FA3-367846576711}.Debug|Any CPU.ActiveCfg = Debug|Any CPU
		{68EC3D91-B0CC-47A8-8FA3-367846576711}.Debug|Any CPU.Build.0 = Debug|Any CPU
		{68EC3D91-B0CC-47A8-8FA3-367846576711}.Release|Any CPU.ActiveCfg = Release|Any CPU
		{68EC3D91-B0CC-47A8-8FA3-367846576711}.Release|Any CPU.Build.0 = Release|Any CPU
		{4B9E0761-0FFD-45C7-8EA9-47087FE256D0}.Debug|Any CPU.ActiveCfg = Debug|Any CPU
		{4B9E0761-0FFD-45C7-8EA9-47087FE256D0}.Debug|Any CPU.Build.0 = Debug|Any CPU
		{4B9E0761-0FFD-45C7-8EA9-47087FE256D0}.Release|Any CPU.ActiveCfg = Release|Any CPU
		{4B9E0761-0FFD-45C7-8EA9-47087FE256D0}.Release|Any CPU.Build.0 = Release|Any CPU
		{469D5605-5170-43D6-9243-7DF22322CB7B}.Debug|Any CPU.ActiveCfg = Debug|Any CPU
		{469D5605-5170-43D6-9243-7DF22322CB7B}.Debug|Any CPU.Build.0 = Debug|Any CPU
		{469D5605-5170-43D6-9243-7DF22322CB7B}.Release|Any CPU.ActiveCfg = Release|Any CPU
		{469D5605-5170-43D6-9243-7DF22322CB7B}.Release|Any CPU.Build.0 = Release|Any CPU
	EndGlobalSection
EndGlobal
